
Microsoft Visual Studio Solution File, Format Version 12.00
# Visual Studio 15
VisualStudioVersion = 15.0.27428.2043
MinimumVisualStudioVersion = 10.0.40219.1
Project("{FAE04EC0-301F-11D3-BF4B-00C04F79EFBC}") = "StudentDao", "StudentDao\StudentDao.csproj", "{F8B1E4B9-289D-4E63-9175-93FFE19ED8C0}"
EndProject
Project("{FAE04EC0-301F-11D3-BF4B-00C04F79EFBC}") = "StudentCommon.Logic", "StudentCommon.Logic\StudentCommon.Logic.csproj", "{8318CEB3-367F-4516-A667-9AFC76C58753}"
EndProject
Project("{FAE04EC0-301F-11D3-BF4B-00C04F79EFBC}") = "Student.Business.Logic", "Student.Business.Logic\Student.Business.Logic.csproj", "{7DDB4C77-2C30-48D4-8478-989735F23397}"
EndProject
Project("{FAE04EC0-301F-11D3-BF4B-00C04F79EFBC}") = "Student.Facade.Logic", "Student.Facade.Logic\Student.Facade.Logic.csproj", "{104DD56B-B29D-42CE-A0AB-D0A08E9F08B5}"
EndProject
Global
	GlobalSection(SolutionConfigurationPlatforms) = preSolution
		Debug|Any CPU = Debug|Any CPU
		Release|Any CPU = Release|Any CPU
	EndGlobalSection
	GlobalSection(ProjectConfigurationPlatforms) = postSolution
		{F8B1E4B9-289D-4E63-9175-93FFE19ED8C0}.Debug|Any CPU.ActiveCfg = Debug|Any CPU
		{F8B1E4B9-289D-4E63-9175-93FFE19ED8C0}.Debug|Any CPU.Build.0 = Debug|Any CPU
		{F8B1E4B9-289D-4E63-9175-93FFE19ED8C0}.Release|Any CPU.ActiveCfg = Release|Any CPU
		{F8B1E4B9-289D-4E63-9175-93FFE19ED8C0}.Release|Any CPU.Build.0 = Release|Any CPU
		{8318CEB3-367F-4516-A667-9AFC76C58753}.Debug|Any CPU.ActiveCfg = Debug|Any CPU
		{8318CEB3-367F-4516-A667-9AFC76C58753}.Debug|Any CPU.Build.0 = Debug|Any CPU
		{8318CEB3-367F-4516-A667-9AFC76C58753}.Release|Any CPU.ActiveCfg = Release|Any CPU
		{8318CEB3-367F-4516-A667-9AFC76C58753}.Release|Any CPU.Build.0 = Release|Any CPU
		{7DDB4C77-2C30-48D4-8478-989735F23397}.Debug|Any CPU.ActiveCfg = Debug|Any CPU
		{7DDB4C77-2C30-48D4-8478-989735F23397}.Debug|Any CPU.Build.0 = Debug|Any CPU
		{7DDB4C77-2C30-48D4-8478-989735F23397}.Release|Any CPU.ActiveCfg = Release|Any CPU
		{7DDB4C77-2C30-48D4-8478-989735F23397}.Release|Any CPU.Build.0 = Release|Any CPU
		{104DD56B-B29D-42CE-A0AB-D0A08E9F08B5}.Debug|Any CPU.ActiveCfg = Debug|Any CPU
		{104DD56B-B29D-42CE-A0AB-D0A08E9F08B5}.Debug|Any CPU.Build.0 = Debug|Any CPU
		{104DD56B-B29D-42CE-A0AB-D0A08E9F08B5}.Release|Any CPU.ActiveCfg = Release|Any CPU
		{104DD56B-B29D-42CE-A0AB-D0A08E9F08B5}.Release|Any CPU.Build.0 = Release|Any CPU
	EndGlobalSection
	GlobalSection(SolutionProperties) = preSolution
		HideSolutionNode = FALSE
	EndGlobalSection
	GlobalSection(ExtensibilityGlobals) = postSolution
		SolutionGuid = {94F21B80-22A5-4817-9F54-77779B55D214}
	EndGlobalSection
EndGlobal
